
Microsoft Visual Studio Solution File, Format Version 12.00
# Visual Studio Version 16
VisualStudioVersion = 16.0.30114.105
MinimumVisualStudioVersion = 10.0.40219.1
Project("{2150E333-8FDC-42A3-9474-1A3956D46DE8}") = "Config", "Config", "{D2CF3675-9F2F-47F3-98C8-30FBB35E6088}"
	ProjectSection(SolutionItems) = preProject
		.config\dotnet-tools.json = .config\dotnet-tools.json
	EndProjectSection
EndProject
Project("{FAE04EC0-301F-11D3-BF4B-00C04F79EFBC}") = "<PROJECTNAME>", "<PROJECTPATH>", "{24D4763A-A7DD-40B6-B973-7565FD8F80E6}"
EndProject
Global
	GlobalSection(SolutionConfigurationPlatforms) = preSolution
		Debug|Any CPU = Debug|Any CPU
		Release|Any CPU = Release|Any CPU
	EndGlobalSection
	GlobalSection(SolutionProperties) = preSolution
		HideSolutionNode = FALSE
	EndGlobalSection
	GlobalSection(ProjectConfigurationPlatforms) = postSolution
		{24D4763A-A7DD-40B6-B973-7565FD8F80E6}.Debug|Any CPU.ActiveCfg = Debug|Any CPU
		{24D4763A-A7DD-40B6-B973-7565FD8F80E6}.Debug|Any CPU.Build.0 = Debug|Any CPU
		{24D4763A-A7DD-40B6-B973-7565FD8F80E6}.Release|Any CPU.ActiveCfg = Release|Any CPU
		{24D4763A-A7DD-40B6-B973-7565FD8F80E6}.Release|Any CPU.Build.0 = Release|Any CPU
	EndGlobalSection
EndGlobal
