
Microsoft Visual Studio Solution File, Format Version 12.00
# Visual Studio Version 17
VisualStudioVersion = 17.0.32112.339
MinimumVisualStudioVersion = 10.0.40219.1
Project("{2150E333-8FDC-42A3-9474-1A3956D46DE8}") = ".Build", ".Build", "{43F9E86A-7423-411E-B82B-B94FB1A3F872}"
	ProjectSection(SolutionItems) = preProject
		Directory.Build.props = Directory.Build.props
		src\Build\nuget.props = src\Build\nuget.props
	EndProjectSection
EndProject
Project("{2150E333-8FDC-42A3-9474-1A3956D46DE8}") = ".Solution Items", ".Solution Items", "{FF94B7D6-F040-47B2-A222-266A809CFE7B}"
	ProjectSection(SolutionItems) = preProject
		.editorconfig = .editorconfig
	EndProjectSection
EndProject
Project("{2150E333-8FDC-42A3-9474-1A3956D46DE8}") = ".Shared", ".Shared", "{F55D4850-9148-4786-B211-C66176D01EF1}"
EndProject
Project("{2150E333-8FDC-42A3-9474-1A3956D46DE8}") = "Tests", "Tests", "{6743D5A3-318C-42A9-AAAA-AF8C7F303B44}"
EndProject
Project("{9A19103F-16F7-4668-BE54-9A1E7A4F7556}") = "dotnet-updatr", "src\dotnet-updatr\dotnet-updatr.csproj", "{93D70CCB-9F73-4868-AD9D-DDAEF0EBFA00}"
EndProject
Project("{D954291E-2A0B-460D-934E-DC6B0785DB48}") = "BuildingBlocks", "src\BuildingBlocks\BuildingBlocks.shproj", "{A63910FE-F91F-4AA0-BF42-06B086F7556D}"
EndProject
Project("{2150E333-8FDC-42A3-9474-1A3956D46DE8}") = "gh-workflows", "gh-workflows", "{83E87026-64D7-4324-AC20-A3CBF5831DE6}"
	ProjectSection(SolutionItems) = preProject
		.github\workflows\build.yml = .github\workflows\build.yml
		.github\workflows\push.yml = .github\workflows\push.yml
		.github\workflows\update.yml = .github\workflows\update.yml
	EndProjectSection
EndProject
Project("{9A19103F-16F7-4668-BE54-9A1E7A4F7556}") = "Build", "tools\Build\Build.csproj", "{E6115943-7C57-4F83-ABE9-1756C321C007}"
EndProject
Project("{9A19103F-16F7-4668-BE54-9A1E7A4F7556}") = "UpdatR", "src\UpdatR\UpdatR.csproj", "{4533B82F-E253-427C-8EE7-E87B53498925}"
EndProject
Project("{2150E333-8FDC-42A3-9474-1A3956D46DE8}") = "Packages", "Packages", "{C5346D82-B741-4590-A848-64CF550B158D}"
EndProject
Project("{2150E333-8FDC-42A3-9474-1A3956D46DE8}") = "images", "images", "{E30AD9A1-368B-4D0B-807B-D61F8610D210}"
	ProjectSection(SolutionItems) = preProject
		src\Build\icon.png = src\Build\icon.png
	EndProjectSection
EndProject
Project("{2150E333-8FDC-42A3-9474-1A3956D46DE8}") = "docs", "docs", "{1F5D2047-E0F7-40C1-8B53-B72D0FDD0E79}"
	ProjectSection(SolutionItems) = preProject
		README.md = README.md
		src\Build\docs\release-notes.txt = src\Build\docs\release-notes.txt
	EndProjectSection
EndProject
Project("{9A19103F-16F7-4668-BE54-9A1E7A4F7556}") = "UpdatR.UnitTests", "tests\UpdatR.UnitTests\UpdatR.UnitTests.csproj", "{656203A1-D1BE-4E3D-AA49-68D00A3003CF}"
EndProject
Project("{9A19103F-16F7-4668-BE54-9A1E7A4F7556}") = "UpdatR.E2eTests", "tests\UpdatR.E2eTests\UpdatR.E2eTests.csproj", "{E1F9E4FA-8BD5-4E48-9F87-415014E0AB25}"
EndProject
Project("{9A19103F-16F7-4668-BE54-9A1E7A4F7556}") = "UpdatR.IntegrationTests", "tests\UpdatR.IntegrationTests\UpdatR.IntegrationTests.csproj", "{4E4232E1-DA24-4862-9E4B-389C47C968A7}"
EndProject
Global
	GlobalSection(SharedMSBuildProjectFiles) = preSolution
		src\BuildingBlocks\BuildingBlocks.projitems*{4533b82f-e253-427c-8ee7-e87b53498925}*SharedItemsImports = 5
		src\BuildingBlocks\BuildingBlocks.projitems*{93d70ccb-9f73-4868-ad9d-ddaef0ebfa00}*SharedItemsImports = 5
		src\BuildingBlocks\BuildingBlocks.projitems*{a63910fe-f91f-4aa0-bf42-06b086f7556d}*SharedItemsImports = 13
		src\BuildingBlocks\BuildingBlocks.projitems*{e6115943-7c57-4f83-abe9-1756c321c007}*SharedItemsImports = 5
	EndGlobalSection
	GlobalSection(SolutionConfigurationPlatforms) = preSolution
		Debug|Any CPU = Debug|Any CPU
		Release|Any CPU = Release|Any CPU
	EndGlobalSection
	GlobalSection(ProjectConfigurationPlatforms) = postSolution
		{93D70CCB-9F73-4868-AD9D-DDAEF0EBFA00}.Debug|Any CPU.ActiveCfg = Debug|Any CPU
		{93D70CCB-9F73-4868-AD9D-DDAEF0EBFA00}.Debug|Any CPU.Build.0 = Debug|Any CPU
		{93D70CCB-9F73-4868-AD9D-DDAEF0EBFA00}.Release|Any CPU.ActiveCfg = Release|Any CPU
		{93D70CCB-9F73-4868-AD9D-DDAEF0EBFA00}.Release|Any CPU.Build.0 = Release|Any CPU
		{E6115943-7C57-4F83-ABE9-1756C321C007}.Debug|Any CPU.ActiveCfg = Debug|Any CPU
		{E6115943-7C57-4F83-ABE9-1756C321C007}.Debug|Any CPU.Build.0 = Debug|Any CPU
		{E6115943-7C57-4F83-ABE9-1756C321C007}.Release|Any CPU.ActiveCfg = Release|Any CPU
		{E6115943-7C57-4F83-ABE9-1756C321C007}.Release|Any CPU.Build.0 = Release|Any CPU
		{4533B82F-E253-427C-8EE7-E87B53498925}.Debug|Any CPU.ActiveCfg = Debug|Any CPU
		{4533B82F-E253-427C-8EE7-E87B53498925}.Debug|Any CPU.Build.0 = Debug|Any CPU
		{4533B82F-E253-427C-8EE7-E87B53498925}.Release|Any CPU.ActiveCfg = Release|Any CPU
		{4533B82F-E253-427C-8EE7-E87B53498925}.Release|Any CPU.Build.0 = Release|Any CPU
		{656203A1-D1BE-4E3D-AA49-68D00A3003CF}.Debug|Any CPU.ActiveCfg = Debug|Any CPU
		{656203A1-D1BE-4E3D-AA49-68D00A3003CF}.Debug|Any CPU.Build.0 = Debug|Any CPU
		{656203A1-D1BE-4E3D-AA49-68D00A3003CF}.Release|Any CPU.ActiveCfg = Release|Any CPU
		{656203A1-D1BE-4E3D-AA49-68D00A3003CF}.Release|Any CPU.Build.0 = Release|Any CPU
		{E1F9E4FA-8BD5-4E48-9F87-415014E0AB25}.Debug|Any CPU.ActiveCfg = Debug|Any CPU
		{E1F9E4FA-8BD5-4E48-9F87-415014E0AB25}.Debug|Any CPU.Build.0 = Debug|Any CPU
		{E1F9E4FA-8BD5-4E48-9F87-415014E0AB25}.Release|Any CPU.ActiveCfg = Release|Any CPU
		{E1F9E4FA-8BD5-4E48-9F87-415014E0AB25}.Release|Any CPU.Build.0 = Release|Any CPU
		{4E4232E1-DA24-4862-9E4B-389C47C968A7}.Debug|Any CPU.ActiveCfg = Debug|Any CPU
		{4E4232E1-DA24-4862-9E4B-389C47C968A7}.Debug|Any CPU.Build.0 = Debug|Any CPU
		{4E4232E1-DA24-4862-9E4B-389C47C968A7}.Release|Any CPU.ActiveCfg = Release|Any CPU
		{4E4232E1-DA24-4862-9E4B-389C47C968A7}.Release|Any CPU.Build.0 = Release|Any CPU
	EndGlobalSection
	GlobalSection(SolutionProperties) = preSolution
		HideSolutionNode = FALSE
	EndGlobalSection
	GlobalSection(NestedProjects) = preSolution
		{A63910FE-F91F-4AA0-BF42-06B086F7556D} = {F55D4850-9148-4786-B211-C66176D01EF1}
		{83E87026-64D7-4324-AC20-A3CBF5831DE6} = {43F9E86A-7423-411E-B82B-B94FB1A3F872}
		{E6115943-7C57-4F83-ABE9-1756C321C007} = {43F9E86A-7423-411E-B82B-B94FB1A3F872}
		{C5346D82-B741-4590-A848-64CF550B158D} = {43F9E86A-7423-411E-B82B-B94FB1A3F872}
		{E30AD9A1-368B-4D0B-807B-D61F8610D210} = {C5346D82-B741-4590-A848-64CF550B158D}
		{1F5D2047-E0F7-40C1-8B53-B72D0FDD0E79} = {C5346D82-B741-4590-A848-64CF550B158D}
		{656203A1-D1BE-4E3D-AA49-68D00A3003CF} = {6743D5A3-318C-42A9-AAAA-AF8C7F303B44}
		{E1F9E4FA-8BD5-4E48-9F87-415014E0AB25} = {6743D5A3-318C-42A9-AAAA-AF8C7F303B44}
		{4E4232E1-DA24-4862-9E4B-389C47C968A7} = {6743D5A3-318C-42A9-AAAA-AF8C7F303B44}
	EndGlobalSection
	GlobalSection(ExtensibilityGlobals) = postSolution
		SolutionGuid = {A9587870-FAEC-4EFD-BF65-CF818DE85DD9}
	EndGlobalSection
EndGlobal
