
Microsoft Visual Studio Solution File, Format Version 12.00
# Visual Studio Version 17
VisualStudioVersion = 17.0.32112.339
MinimumVisualStudioVersion = 10.0.40219.1
Project("{FAE04EC0-301F-11D3-BF4B-00C04F79EFBC}") = "Update.Cli", "Update.Cli\Update.Cli.csproj", "{DD9CB75B-A769-44B1-BFAD-8135B9429FB7}"
EndProject
Global
	GlobalSection(SolutionConfigurationPlatforms) = preSolution
		Debug|Any CPU = Debug|Any CPU
		Release|Any CPU = Release|Any CPU
	EndGlobalSection
	GlobalSection(ProjectConfigurationPlatforms) = postSolution
		{DD9CB75B-A769-44B1-BFAD-8135B9429FB7}.Debug|Any CPU.ActiveCfg = Debug|Any CPU
		{DD9CB75B-A769-44B1-BFAD-8135B9429FB7}.Debug|Any CPU.Build.0 = Debug|Any CPU
		{DD9CB75B-A769-44B1-BFAD-8135B9429FB7}.Release|Any CPU.ActiveCfg = Release|Any CPU
		{DD9CB75B-A769-44B1-BFAD-8135B9429FB7}.Release|Any CPU.Build.0 = Release|Any CPU
	EndGlobalSection
	GlobalSection(SolutionProperties) = preSolution
		HideSolutionNode = FALSE
	EndGlobalSection
	GlobalSection(ExtensibilityGlobals) = postSolution
		SolutionGuid = {2A996F3E-4C74-4575-B69D-DAC9D95D097A}
	EndGlobalSection
EndGlobal
